
Microsoft Visual Studio Solution File, Format Version 12.00
# Visual Studio Version 16
VisualStudioVersion = 16.0.31702.278
MinimumVisualStudioVersion = 10.0.40219.1
Project("{FAE04EC0-301F-11D3-BF4B-00C04F79EFBC}") = "CoverUp", "CoverUp.csproj", "{009A8267-FDE1-4A9B-AEBC-A0FA8063186C}"
EndProject
Global
	GlobalSection(SolutionConfigurationPlatforms) = preSolution
		Debug|Any CPU = Debug|Any CPU
		Release|Any CPU = Release|Any CPU
	EndGlobalSection
	GlobalSection(ProjectConfigurationPlatforms) = postSolution
		{009A8267-FDE1-4A9B-AEBC-A0FA8063186C}.Debug|Any CPU.ActiveCfg = Debug|Any CPU
		{009A8267-FDE1-4A9B-AEBC-A0FA8063186C}.Debug|Any CPU.Build.0 = Debug|Any CPU
		{009A8267-FDE1-4A9B-AEBC-A0FA8063186C}.Release|Any CPU.ActiveCfg = Release|Any CPU
		{009A8267-FDE1-4A9B-AEBC-A0FA8063186C}.Release|Any CPU.Build.0 = Release|Any CPU
	EndGlobalSection
	GlobalSection(SolutionProperties) = preSolution
		HideSolutionNode = FALSE
	EndGlobalSection
	GlobalSection(ExtensibilityGlobals) = postSolution
		SolutionGuid = {BF45C863-5F6F-4435-BF59-3CA7ADA43795}
	EndGlobalSection
EndGlobal
